
Microsoft Visual Studio Solution File, Format Version 12.00
# Visual Studio Version 17
VisualStudioVersion = 17.5.33516.290
MinimumVisualStudioVersion = 10.0.40219.1
Project("{8BC9CEB8-8B4A-11D0-8D11-00A0C91BC942}") = "ChatSampleClient", "ChatSampleClient.vcxproj", "{6EA0CEB6-5D76-40D9-BC04-FD3524CB0898}"
EndProject
Global
	GlobalSection(SolutionConfigurationPlatforms) = preSolution
		Debug|x64 = Debug|x64
		Debug|x86 = Debug|x86
		Release|x64 = Release|x64
		Release|x86 = Release|x86
	EndGlobalSection
	GlobalSection(ProjectConfigurationPlatforms) = postSolution
		{6EA0CEB6-5D76-40D9-BC04-FD3524CB0898}.Debug|x64.ActiveCfg = Debug|x64
		{6EA0CEB6-5D76-40D9-BC04-FD3524CB0898}.Debug|x64.Build.0 = Debug|x64
		{6EA0CEB6-5D76-40D9-BC04-FD3524CB0898}.Debug|x86.ActiveCfg = Debug|Win32
		{6EA0CEB6-5D76-40D9-BC04-FD3524CB0898}.Debug|x86.Build.0 = Debug|Win32
		{6EA0CEB6-5D76-40D9-BC04-FD3524CB0898}.Release|x64.ActiveCfg = Release|x64
		{6EA0CEB6-5D76-40D9-BC04-FD3524CB0898}.Release|x64.Build.0 = Release|x64
		{6EA0CEB6-5D76-40D9-BC04-FD3524CB0898}.Release|x86.ActiveCfg = Release|Win32
		{6EA0CEB6-5D76-40D9-BC04-FD3524CB0898}.Release|x86.Build.0 = Release|Win32
	EndGlobalSection
	GlobalSection(SolutionProperties) = preSolution
		HideSolutionNode = FALSE
	EndGlobalSection
	GlobalSection(ExtensibilityGlobals) = postSolution
		SolutionGuid = {1019EB47-3ABE-4F9E-B31A-C5AD65CBD322}
	EndGlobalSection
EndGlobal
